
Microsoft Visual Studio Solution File, Format Version 12.00
# Visual Studio Version 16
VisualStudioVersion = 16.0.31129.286
MinimumVisualStudioVersion = 10.0.40219.1
Project("{FAE04EC0-301F-11D3-BF4B-00C04F79EFBC}") = "XepLichThi", "XepLichThi\XepLichThi.csproj", "{0345108D-F533-4C5D-9C0F-850CF21F860A}"
EndProject
Global
	GlobalSection(SolutionConfigurationPlatforms) = preSolution
		Debug|Any CPU = Debug|Any CPU
		Release|Any CPU = Release|Any CPU
	EndGlobalSection
	GlobalSection(ProjectConfigurationPlatforms) = postSolution
		{0345108D-F533-4C5D-9C0F-850CF21F860A}.Debug|Any CPU.ActiveCfg = Debug|Any CPU
		{0345108D-F533-4C5D-9C0F-850CF21F860A}.Debug|Any CPU.Build.0 = Debug|Any CPU
		{0345108D-F533-4C5D-9C0F-850CF21F860A}.Release|Any CPU.ActiveCfg = Release|Any CPU
		{0345108D-F533-4C5D-9C0F-850CF21F860A}.Release|Any CPU.Build.0 = Release|Any CPU
	EndGlobalSection
	GlobalSection(SolutionProperties) = preSolution
		HideSolutionNode = FALSE
	EndGlobalSection
	GlobalSection(ExtensibilityGlobals) = postSolution
		SolutionGuid = {6A6E44C0-9231-4CAA-8D15-A750327FE9FE}
	EndGlobalSection
EndGlobal
